# This lock file was generated by conda-lock (https://github.com/conda/conda-lock). DO NOT EDIT!
#
# A "lock file" contains a concrete list of package versions (with checksums) to be installed. Unlike
# e.g. `conda env create`, the resulting environment will not change as new package versions become
# available, unless you explicitly update the lock file.
#
# Install this environment as "YOURENV" with:
#     conda-lock install -n YOURENV conda-lock.yml
# To update a single package to the latest version compatible with the version constraints in the source:
#     conda-lock lock  --lockfile conda-lock.yml --update PACKAGE
# To re-solve the entire environment, e.g. after changing a version constraint in the source file:
#     conda-lock -f pyproject.toml --lockfile conda-lock.yml
version: 1
metadata:
  content_hash:
    linux-64: 56ddeef348780f14893a721ed2fd850440a927b0198341ffbf3e8a733b6e78c0
  channels:
  - url: conda-forge
    used_env_vars: []
  platforms:
  - linux-64
  sources:
  - pyproject.toml
package:
- name: _libgcc_mutex
  version: '0.1'
  manager: conda
  platform: linux-64
  dependencies: {}
  url: https://conda.anaconda.org/conda-forge/linux-64/_libgcc_mutex-0.1-conda_forge.tar.bz2
  hash:
    md5: d7c89558ba9fa0495403155b64376d81
    sha256: fe51de6107f9edc7aa4f786a70f4a883943bc9d39b3bb7307c04c41410990726
  category: main
  optional: false
- name: _openmp_mutex
  version: '4.5'
  manager: conda
  platform: linux-64
  dependencies:
    _libgcc_mutex: '0.1'
    libgomp: '>=7.5.0'
  url: https://conda.anaconda.org/conda-forge/linux-64/_openmp_mutex-4.5-2_gnu.tar.bz2
  hash:
    md5: 73aaf86a425cc6e73fcf236a5a46396d
    sha256: fbe2c5e56a653bebb982eda4876a9178aedfc2b545f25d0ce9c4c0b508253d22
  category: main
  optional: false
- name: bzip2
  version: 1.0.8
  manager: conda
  platform: linux-64
  dependencies:
    libgcc-ng: '>=12'
  url: https://conda.anaconda.org/conda-forge/linux-64/bzip2-1.0.8-hd590300_5.conda
  hash:
    md5: 69b8b6202a07720f448be700e300ccf4
    sha256: 242c0c324507ee172c0e0dd2045814e746bb303d1eb78870d182ceb0abc726a8
  category: main
  optional: false
- name: ca-certificates
  version: 2024.2.2
  manager: conda
  platform: linux-64
  dependencies: {}
  url: https://conda.anaconda.org/conda-forge/linux-64/ca-certificates-2024.2.2-hbcca054_0.conda
  hash:
    md5: 2f4327a1cbe7f022401b236e915a5fef
    sha256: 91d81bfecdbb142c15066df70cc952590ae8991670198f92c66b62019b251aeb
  category: main
  optional: false
- name: gettext
  version: 0.21.1
  manager: conda
  platform: linux-64
  dependencies:
    libgcc-ng: '>=12'
  url: https://conda.anaconda.org/conda-forge/linux-64/gettext-0.21.1-h27087fc_0.tar.bz2
  hash:
    md5: 14947d8770185e5153fdd04d4673ed37
    sha256: 4fcfedc44e4c9a053f0416f9fc6ab6ed50644fca3a761126dbd00d09db1f546a
  category: main
  optional: false
- name: gnupg
  version: 2.4.5
  manager: conda
  platform: linux-64
  dependencies:
    bzip2: '>=1.0.8,<2.0a0'
    libassuan: '>=2.5.7,<3.0a0'
    libgcc-ng: '>=12'
    libgcrypt: '>=1.10.3,<2.0a0'
    libgpg-error: '>=1.48,<2.0a0'
    libiconv: '>=1.17,<2.0a0'
    libksba: '>=1.6.5,<1.7.0a0'
    libsqlite: '>=3.45.1,<4.0a0'
    libstdcxx-ng: '>=12'
    npth: '>=1.6,<2.0a0'
    ntbtls: '>=0.3.1,<1.0a0'
    readline: '>=8.2,<9.0a0'
    sqlite: ''
  url: https://conda.anaconda.org/conda-forge/linux-64/gnupg-2.4.5-h1cac74d_0.conda
  hash:
    md5: 89126b9b79c8ae9eb1b6615dbb9e68fa
    sha256: 1846c36129b494ee47d05c612d56c4cb589402f4e3f0fe1ef19db0a3a403e2aa
  category: main
  optional: false
- name: ld_impl_linux-64
  version: '2.40'
  manager: conda
  platform: linux-64
  dependencies: {}
  url: https://conda.anaconda.org/conda-forge/linux-64/ld_impl_linux-64-2.40-h41732ed_0.conda
  hash:
    md5: 7aca3059a1729aa76c597603f10b0dd3
    sha256: f6cc89d887555912d6c61b295d398cff9ec982a3417d38025c45d5dd9b9e79cd
  category: main
  optional: false
- name: libassuan
  version: 2.5.7
  manager: conda
  platform: linux-64
  dependencies:
    libgcc-ng: '>=12'
    libgpg-error: '>=1.48,<2.0a0'
    libstdcxx-ng: '>=12'
  url: https://conda.anaconda.org/conda-forge/linux-64/libassuan-2.5.7-h59595ed_0.conda
  hash:
    md5: facf71461fcb79ac7f49f6b51dadf5ee
    sha256: f50d88411703c8aed13c116eebeb459b9966044cf1c6977f87af8fc401695296
  category: main
  optional: false
- name: libffi
  version: 3.4.2
  manager: conda
  platform: linux-64
  dependencies:
    libgcc-ng: '>=9.4.0'
  url: https://conda.anaconda.org/conda-forge/linux-64/libffi-3.4.2-h7f98852_5.tar.bz2
  hash:
    md5: d645c6d2ac96843a2bfaccd2d62b3ac3
    sha256: ab6e9856c21709b7b517e940ae7028ae0737546122f83c2aa5d692860c3b149e
  category: main
  optional: false
- name: libgcc-ng
  version: 13.2.0
  manager: conda
  platform: linux-64
  dependencies:
    _libgcc_mutex: '0.1'
    _openmp_mutex: '>=4.5'
  url: https://conda.anaconda.org/conda-forge/linux-64/libgcc-ng-13.2.0-h807b86a_5.conda
  hash:
    md5: d4ff227c46917d3b4565302a2bbb276b
    sha256: d32f78bfaac282cfe5205f46d558704ad737b8dbf71f9227788a5ca80facaba4
  category: main
  optional: false
- name: libgcrypt
  version: 1.10.3
  manager: conda
  platform: linux-64
  dependencies:
    libgcc-ng: '>=12'
    libgpg-error: '>=1.47,<2.0a0'
  url: https://conda.anaconda.org/conda-forge/linux-64/libgcrypt-1.10.3-hd590300_0.conda
  hash:
    md5: 32d16ad533c59bb0a3c5ffaf16110829
    sha256: d1bd47faa29fec7288c7b212198432b07f890d3d6f646078da93b059c2e9daff
  category: main
  optional: false
- name: libgomp
  version: 13.2.0
  manager: conda
  platform: linux-64
  dependencies:
    _libgcc_mutex: '0.1'
  url: https://conda.anaconda.org/conda-forge/linux-64/libgomp-13.2.0-h807b86a_5.conda
  hash:
    md5: d211c42b9ce49aee3734fdc828731689
    sha256: 0d3d4b1b0134283ea02d58e8eb5accf3655464cf7159abf098cc694002f8d34e
  category: main
  optional: false
- name: libgpg-error
  version: '1.48'
  manager: conda
  platform: linux-64
  dependencies:
    gettext: '>=0.21.1,<1.0a0'
    libgcc-ng: '>=12'
    libstdcxx-ng: '>=12'
  url: https://conda.anaconda.org/conda-forge/linux-64/libgpg-error-1.48-h71f35ed_0.conda
  hash:
    md5: 4d18d86916705d352d5f4adfb7f0edd3
    sha256: c448c6d86d27e10b9e844172000540e9cbfe9c28f968db87f949ba05add9bd50
  category: main
  optional: false
- name: libiconv
  version: '1.17'
  manager: conda
  platform: linux-64
  dependencies:
    libgcc-ng: '>=12'
  url: https://conda.anaconda.org/conda-forge/linux-64/libiconv-1.17-hd590300_2.conda
  hash:
    md5: d66573916ffcf376178462f1b61c941e
    sha256: 8ac2f6a9f186e76539439e50505d98581472fedb347a20e7d1f36429849f05c9
  category: main
  optional: false
- name: libksba
  version: 1.6.6
  manager: conda
  platform: linux-64
  dependencies:
    libgcc-ng: '>=12'
    libgpg-error: '>=1.48,<2.0a0'
    libstdcxx-ng: '>=12'
  url: https://conda.anaconda.org/conda-forge/linux-64/libksba-1.6.6-h59595ed_0.conda
  hash:
    md5: a9f16dc1eeb8e293b010f6fc674da4c9
    sha256: b66d89d8cc7fe447a357adb835a823562e336d89bc46306c8f995e8d064d5ab0
  category: main
  optional: false
- name: libnsl
  version: 2.0.1
  manager: conda
  platform: linux-64
  dependencies:
    libgcc-ng: '>=12'
  url: https://conda.anaconda.org/conda-forge/linux-64/libnsl-2.0.1-hd590300_0.conda
  hash:
    md5: 30fd6e37fe21f86f4bd26d6ee73eeec7
    sha256: 26d77a3bb4dceeedc2a41bd688564fe71bf2d149fdcf117049970bc02ff1add6
  category: main
  optional: false
- name: librsync
  version: 2.3.1
  manager: conda
  platform: linux-64
  dependencies:
    libgcc-ng: '>=9.3.0'
  url: https://conda.anaconda.org/conda-forge/linux-64/librsync-2.3.1-h7f98852_0.tar.bz2
  hash:
    md5: 20090a7118abb8089e57bf1b91c2a53b
    sha256: 5a4a2848553262239f4838d8a09d6f6782d9edce9c28dee92277806a38ee0320
  category: main
  optional: false
- name: libsqlite
  version: 3.45.2
  manager: conda
  platform: linux-64
  dependencies:
    libgcc-ng: '>=12'
    libzlib: '>=1.2.13,<1.3.0a0'
  url: https://conda.anaconda.org/conda-forge/linux-64/libsqlite-3.45.2-h2797004_0.conda
  hash:
    md5: 866983a220e27a80cb75e85cb30466a1
    sha256: 8cdbeb7902729e319510a82d7c642402981818702b58812af265ef55d1315473
  category: main
  optional: false
- name: libstdcxx-ng
  version: 13.2.0
  manager: conda
  platform: linux-64
  dependencies: {}
  url: https://conda.anaconda.org/conda-forge/linux-64/libstdcxx-ng-13.2.0-h7e041cc_5.conda
  hash:
    md5: f6f6600d18a4047b54f803cf708b868a
    sha256: a56c5b11f1e73a86e120e6141a42d9e935a99a2098491ac9e15347a1476ce777
  category: main
  optional: false
- name: libuuid
  version: 2.38.1
  manager: conda
  platform: linux-64
  dependencies:
    libgcc-ng: '>=12'
  url: https://conda.anaconda.org/conda-forge/linux-64/libuuid-2.38.1-h0b41bf4_0.conda
  hash:
    md5: 40b61aab5c7ba9ff276c41cfffe6b80b
    sha256: 787eb542f055a2b3de553614b25f09eefb0a0931b0c87dbcce6efdfd92f04f18
  category: main
  optional: false
- name: libzlib
  version: 1.2.13
  manager: conda
  platform: linux-64
  dependencies:
    libgcc-ng: '>=12'
  url: https://conda.anaconda.org/conda-forge/linux-64/libzlib-1.2.13-hd590300_5.conda
  hash:
    md5: f36c115f1ee199da648e0597ec2047ad
    sha256: 370c7c5893b737596fd6ca0d9190c9715d89d888b8c88537ae1ef168c25e82e4
  category: main
  optional: false
- name: ncurses
  version: 6.4.20240210
  manager: conda
  platform: linux-64
  dependencies:
    libgcc-ng: '>=12'
  url: https://conda.anaconda.org/conda-forge/linux-64/ncurses-6.4.20240210-h59595ed_0.conda
  hash:
    md5: 97da8860a0da5413c7c98a3b3838a645
    sha256: aa0f005b6727aac6507317ed490f0904430584fa8ca722657e7f0fb94741de81
  category: main
  optional: false
- name: npth
  version: '1.6'
  manager: conda
  platform: linux-64
  dependencies:
    libgcc-ng: '>=12'
    libgpg-error: '>=1.46,<2.0a0'
    libstdcxx-ng: '>=12'
  url: https://conda.anaconda.org/conda-forge/linux-64/npth-1.6-h59595ed_1002.conda
  hash:
    md5: c9055691a3e5111a36ee931b8fde234d
    sha256: 8f10ee4243d2190422249f8c921d43363a653c7c67ec9a6589ea84b087bd672c
  category: main
  optional: false
- name: ntbtls
  version: 0.3.1
  manager: conda
  platform: linux-64
  dependencies:
    libgcc-ng: '>=12'
    libgcrypt: '>=1.10.1,<2.0a0'
    libgpg-error: '>=1.46,<2.0a0'
    libksba: '>=1.6.3,<1.7.0a0'
    libstdcxx-ng: '>=12'
    libzlib: '>=1.2.13,<1.3.0a0'
    zlib: ''
  url: https://conda.anaconda.org/conda-forge/linux-64/ntbtls-0.3.1-hfc55251_1.conda
  hash:
    md5: 954eccd3710907c5c4cc9fbeea0de3d1
    sha256: 20155faac6cc6b61bebdcfe95078a48bc0dc6b5d257892817c6718032ce2a0de
  category: main
  optional: false
- name: openssl
  version: 3.2.1
  manager: conda
  platform: linux-64
  dependencies:
    ca-certificates: ''
    libgcc-ng: '>=12'
  url: https://conda.anaconda.org/conda-forge/linux-64/openssl-3.2.1-hd590300_1.conda
  hash:
    md5: 9d731343cff6ee2e5a25c4a091bf8e2a
    sha256: 2c689444ed19a603be457284cf2115ee728a3fafb7527326e96054dee7cdc1a7
  category: main
  optional: false
- name: pip
  version: '24.0'
  manager: conda
  platform: linux-64
  dependencies:
    python: '>=3.7'
    setuptools: ''
    wheel: ''
  url: https://conda.anaconda.org/conda-forge/noarch/pip-24.0-pyhd8ed1ab_0.conda
  hash:
    md5: f586ac1e56c8638b64f9c8122a7b8a67
    sha256: b7c1c5d8f13e8cb491c4bd1d0d1896a4cf80fc47de01059ad77509112b664a4a
  category: main
  optional: false
- name: python
  version: 3.11.0
  manager: conda
  platform: linux-64
  dependencies:
    bzip2: '>=1.0.8,<2.0a0'
    ld_impl_linux-64: '>=2.36.1'
    libffi: '>=3.4,<4.0a0'
    libgcc-ng: '>=12'
    libnsl: '>=2.0.0,<2.1.0a0'
    libsqlite: '>=3.40.0,<4.0a0'
    libuuid: '>=2.32.1,<3.0a0'
    libzlib: '>=1.2.13,<1.3.0a0'
    ncurses: '>=6.3,<7.0a0'
    openssl: '>=3.0.7,<4.0a0'
    readline: '>=8.1.2,<9.0a0'
    tk: '>=8.6.12,<8.7.0a0'
    tzdata: ''
    xz: '>=5.2.6,<6.0a0'
  url: https://conda.anaconda.org/conda-forge/linux-64/python-3.11.0-he550d4f_1_cpython.conda
  hash:
    md5: 8d14fc2aa12db370a443753c8230be1e
    sha256: 464f998e406b645ba34771bb53a0a7c2734e855ee78dd021aa4dedfdb65659b7
  category: main
  optional: false
- name: readline
  version: '8.2'
  manager: conda
  platform: linux-64
  dependencies:
    libgcc-ng: '>=12'
    ncurses: '>=6.3,<7.0a0'
  url: https://conda.anaconda.org/conda-forge/linux-64/readline-8.2-h8228510_1.conda
  hash:
    md5: 47d31b792659ce70f470b5c82fdfb7a4
    sha256: 5435cf39d039387fbdc977b0a762357ea909a7694d9528ab40f005e9208744d7
  category: main
  optional: false
- name: setuptools
  version: 69.2.0
  manager: conda
  platform: linux-64
  dependencies:
    python: '>=3.8'
  url: https://conda.anaconda.org/conda-forge/noarch/setuptools-69.2.0-pyhd8ed1ab_0.conda
  hash:
    md5: da214ecd521a720a9d521c68047682dc
    sha256: 78a75c75a5dacda6de5f4056c9c990141bdaf4f64245673a590594d00bc63713
  category: main
  optional: false
- name: sqlite
  version: 3.45.2
  manager: conda
  platform: linux-64
  dependencies:
    libgcc-ng: '>=12'
    libsqlite: 3.45.2
    libzlib: '>=1.2.13,<1.3.0a0'
    ncurses: '>=6.4,<7.0a0'
    readline: '>=8.2,<9.0a0'
  url: https://conda.anaconda.org/conda-forge/linux-64/sqlite-3.45.2-h2c6b66d_0.conda
  hash:
    md5: 1423efca06ed343c1da0fc429bae0779
    sha256: 22d2692c82b73480c9adc80472bfb241262586edaf1dac1a7504434e47185d3c
  category: main
  optional: false
- name: tk
  version: 8.6.13
  manager: conda
  platform: linux-64
  dependencies:
    libgcc-ng: '>=12'
    libzlib: '>=1.2.13,<1.3.0a0'
  url: https://conda.anaconda.org/conda-forge/linux-64/tk-8.6.13-noxft_h4845f30_101.conda
  hash:
    md5: d453b98d9c83e71da0741bb0ff4d76bc
    sha256: e0569c9caa68bf476bead1bed3d79650bb080b532c64a4af7d8ca286c08dea4e
  category: main
  optional: false
- name: tzdata
  version: 2024a
  manager: conda
  platform: linux-64
  dependencies: {}
  url: https://conda.anaconda.org/conda-forge/noarch/tzdata-2024a-h0c530f3_0.conda
  hash:
    md5: 161081fc7cec0bfda0d86d7cb595f8d8
    sha256: 7b2b69c54ec62a243eb6fba2391b5e443421608c3ae5dbff938ad33ca8db5122
  category: main
  optional: false
- name: wheel
  version: 0.43.0
  manager: conda
  platform: linux-64
  dependencies:
    python: '>=3.7'
  url: https://conda.anaconda.org/conda-forge/noarch/wheel-0.43.0-pyhd8ed1ab_0.conda
  hash:
    md5: 6e43a94e0ee67523b5e781f0faba5c45
    sha256: 14ebc6f098ebc796669fa6e7d437086a0ee527c8694ff2062a8bcb6dbd9b1581
  category: main
  optional: false
- name: xz
  version: 5.2.6
  manager: conda
  platform: linux-64
  dependencies:
    libgcc-ng: '>=12'
  url: https://conda.anaconda.org/conda-forge/linux-64/xz-5.2.6-h166bdaf_0.tar.bz2
  hash:
    md5: 2161070d867d1b1204ea749c8eec4ef0
    sha256: 03a6d28ded42af8a347345f82f3eebdd6807a08526d47899a42d62d319609162
  category: main
  optional: false
- name: zlib
  version: 1.2.13
  manager: conda
  platform: linux-64
  dependencies:
    libgcc-ng: '>=12'
    libzlib: 1.2.13
  url: https://conda.anaconda.org/conda-forge/linux-64/zlib-1.2.13-hd590300_5.conda
  hash:
    md5: 68c34ec6149623be41a1933ab996a209
    sha256: 9887a04d7e7cb14bd2b52fa01858f05a6d7f002c890f618d9fcd864adbfecb1b
  category: main
  optional: false
